# This file is generated by running "yarn install" inside your project.
# Manual changes might be lost - proceed with caution!

__metadata:
  version: 6
  cacheKey: 8

"@playwright/test@npm:^1.30.0":
  version: 1.30.0
  resolution: "@playwright/test@npm:1.30.0"
  dependencies:
    "@types/node": "*"
    playwright-core: 1.30.0
  bin:
    playwright: cli.js
  checksum: 777432ac9cf3d0341fcd8dd265cb4c0775619d0ef48252b32a7c4d632d8038449756ec34bec873828cadbc08ba634e81176cb193304d34e699472771b7fb4d1e
  languageName: node
  linkType: hard

"@types/node@npm:*":
  version: 18.13.0
  resolution: "@types/node@npm:18.13.0"
  checksum: 4ea10f8802848b01672bce938f678b6774ca2cee0c9774f12275ab064ae07818419c3e2e41d6257ce7ba846d1ea26c63214aa1dfa4166fa3746291752b8c6416
  languageName: node
  linkType: hard

"playwright-core@npm:1.30.0":
  version: 1.30.0
  resolution: "playwright-core@npm:1.30.0"
  bin:
    playwright: cli.js
  checksum: 4c5693f27245a1168f94708ecd8e1eb0d200de435b25cc07cfa25b97a094633818954dc00baf24e0ff551825f672050b83d1309362c1f97213fe8ebd2a147ed9
  languageName: node
  linkType: hard

"reproduce-playwright@workspace:.":
  version: 0.0.0-use.local
  resolution: "reproduce-playwright@workspace:."
  dependencies:
    "@playwright/test": ^1.30.0
  languageName: unknown
  linkType: soft
